// !$*UTF8*$!
{
	archiveVersion = 1;
	classes = {
	};
	objectVersion = 46;
	objects = {

/* Begin PBXBuildFile section */
		1122EE311E0965DF00F2939E /* AppDelegate.swift in Sources */ = {isa = PBXBuildFile; fileRef = 1122EE301E0965DF00F2939E /* AppDelegate.swift */; };
		1122EE361E0965DF00F2939E /* Main.storyboard in Resources */ = {isa = PBXBuildFile; fileRef = 1122EE341E0965DF00F2939E /* Main.storyboard */; };
		1122EE381E0965DF00F2939E /* Assets.xcassets in Resources */ = {isa = PBXBuildFile; fileRef = 1122EE371E0965DF00F2939E /* Assets.xcassets */; };
		1122EE3B1E0965DF00F2939E /* LaunchScreen.storyboard in Resources */ = {isa = PBXBuildFile; fileRef = 1122EE391E0965DF00F2939E /* LaunchScreen.storyboard */; };
		11B5DF1F1E14E80A00705754 /* Home.storyboard in Resources */ = {isa = PBXBuildFile; fileRef = 11B5DF1E1E14E80A00705754 /* Home.storyboard */; };
		11B5DF211E14E83700705754 /* Live.storyboard in Resources */ = {isa = PBXBuildFile; fileRef = 11B5DF201E14E83700705754 /* Live.storyboard */; };
		11B5DF231E14E84A00705754 /* Follow.storyboard in Resources */ = {isa = PBXBuildFile; fileRef = 11B5DF221E14E84A00705754 /* Follow.storyboard */; };
		11B5DF251E14E85B00705754 /* Profile.storyboard in Resources */ = {isa = PBXBuildFile; fileRef = 11B5DF241E14E85B00705754 /* Profile.storyboard */; };
		11B5DF271E14E98D00705754 /* MainTabBarController.swift in Sources */ = {isa = PBXBuildFile; fileRef = 11B5DF261E14E98D00705754 /* MainTabBarController.swift */; };
/* End PBXBuildFile section */

/* Begin PBXFileReference section */
		1122EE2D1E0965DF00F2939E /* HHTV.app */ = {isa = PBXFileReference; explicitFileType = wrapper.application; includeInIndex = 0; path = HHTV.app; sourceTree = BUILT_PRODUCTS_DIR; };
		1122EE301E0965DF00F2939E /* AppDelegate.swift */ = {isa = PBXFileReference; lastKnownFileType = sourcecode.swift; path = AppDelegate.swift; sourceTree = "<group>"; };
		1122EE351E0965DF00F2939E /* Base */ = {isa = PBXFileReference; lastKnownFileType = file.storyboard; name = Base; path = Base.lproj/Main.storyboard; sourceTree = "<group>"; };
		1122EE371E0965DF00F2939E /* Assets.xcassets */ = {isa = PBXFileReference; lastKnownFileType = folder.assetcatalog; path = Assets.xcassets; sourceTree = "<group>"; };
		1122EE3A1E0965DF00F2939E /* Base */ = {isa = PBXFileReference; lastKnownFileType = file.storyboard; name = Base; path = Base.lproj/LaunchScreen.storyboard; sourceTree = "<group>"; };
		1122EE3C1E0965DF00F2939E /* Info.plist */ = {isa = PBXFileReference; lastKnownFileType = text.plist.xml; path = Info.plist; sourceTree = "<group>"; };
		11B5DF1E1E14E80A00705754 /* Home.storyboard */ = {isa = PBXFileReference; fileEncoding = 4; lastKnownFileType = file.storyboard; path = Home.storyboard; sourceTree = "<group>"; };
		11B5DF201E14E83700705754 /* Live.storyboard */ = {isa = PBXFileReference; fileEncoding = 4; lastKnownFileType = file.storyboard; path = Live.storyboard; sourceTree = "<group>"; };
		11B5DF221E14E84A00705754 /* Follow.storyboard */ = {isa = PBXFileReference; fileEncoding = 4; lastKnownFileType = file.storyboard; path = Follow.storyboard; sourceTree = "<group>"; };
		11B5DF241E14E85B00705754 /* Profile.storyboard */ = {isa = PBXFileReference; fileEncoding = 4; lastKnownFileType = file.storyboard; path = Profile.storyboard; sourceTree = "<group>"; };
		11B5DF261E14E98D00705754 /* MainTabBarController.swift */ = {isa = PBXFileReference; fileEncoding = 4; lastKnownFileType = sourcecode.swift; path = MainTabBarController.swift; sourceTree = "<group>"; };
/* End PBXFileReference section */

/* Begin PBXFrameworksBuildPhase section */
		1122EE2A1E0965DF00F2939E /* Frameworks */ = {
			isa = PBXFrameworksBuildPhase;
			buildActionMask = 2147483647;
			files = (
			);
			runOnlyForDeploymentPostprocessing = 0;
		};
/* End PBXFrameworksBuildPhase section */

/* Begin PBXGroup section */
		1122EE241E0965DE00F2939E = {
			isa = PBXGroup;
			children = (
				1122EE2F1E0965DF00F2939E /* HHTV */,
				1122EE2E1E0965DF00F2939E /* Products */,
			);
			sourceTree = "<group>";
		};
		1122EE2E1E0965DF00F2939E /* Products */ = {
			isa = PBXGroup;
			children = (
				1122EE2D1E0965DF00F2939E /* HHTV.app */,
			);
			name = Products;
			sourceTree = "<group>";
		};
		1122EE2F1E0965DF00F2939E /* HHTV */ = {
			isa = PBXGroup;
			children = (
				11AE99961E14C36A00633374 /* Classes */,
				1122EE301E0965DF00F2939E /* AppDelegate.swift */,
				1122EE371E0965DF00F2939E /* Assets.xcassets */,
				1122EE391E0965DF00F2939E /* LaunchScreen.storyboard */,
				1122EE3C1E0965DF00F2939E /* Info.plist */,
			);
			path = HHTV;
			sourceTree = "<group>";
		};
		11AE99961E14C36A00633374 /* Classes */ = {
			isa = PBXGroup;
			children = (
				11AE999A1E14C36A00633374 /* Main */,
				11AE99981E14C36A00633374 /* Home */,
				11AE99991E14C36A00633374 /* Live */,
				11AE99971E14C36A00633374 /* Follow */,
				11AE999B1E14C36A00633374 /* Profile */,
				11AE999C1E14C36A00633374 /* Tools */,
			);
			path = Classes;
			sourceTree = "<group>";
		};
		11AE99971E14C36A00633374 /* Follow */ = {
			isa = PBXGroup;
			children = (
				11B5DF221E14E84A00705754 /* Follow.storyboard */,
			);
			path = Follow;
			sourceTree = "<group>";
		};
		11AE99981E14C36A00633374 /* Home */ = {
			isa = PBXGroup;
			children = (
				11B5DF1E1E14E80A00705754 /* Home.storyboard */,
			);
			path = Home;
			sourceTree = "<group>";
		};
		11AE99991E14C36A00633374 /* Live */ = {
			isa = PBXGroup;
			children = (
				11B5DF201E14E83700705754 /* Live.storyboard */,
			);
			path = Live;
			sourceTree = "<group>";
		};
		11AE999A1E14C36A00633374 /* Main */ = {
			isa = PBXGroup;
			children = (
				1122EE341E0965DF00F2939E /* Main.storyboard */,
				11B5DF261E14E98D00705754 /* MainTabBarController.swift */,
			);
			path = Main;
			sourceTree = "<group>";
		};
		11AE999B1E14C36A00633374 /* Profile */ = {
			isa = PBXGroup;
			children = (
				11B5DF241E14E85B00705754 /* Profile.storyboard */,
			);
			path = Profile;
			sourceTree = "<group>";
		};
		11AE999C1E14C36A00633374 /* Tools */ = {
			isa = PBXGroup;
			children = (
			);
			path = Tools;
			sourceTree = "<group>";
		};
/* End PBXGroup section */

/* Begin PBXNativeTarget section */
		1122EE2C1E0965DF00F2939E /* HHTV */ = {
			isa = PBXNativeTarget;
			buildConfigurationList = 1122EE3F1E0965DF00F2939E /* Build configuration list for PBXNativeTarget "HHTV" */;
			buildPhases = (
				1122EE291E0965DF00F2939E /* Sources */,
				1122EE2A1E0965DF00F2939E /* Frameworks */,
				1122EE2B1E0965DF00F2939E /* Resources */,
			);
			buildRules = (
			);
			dependencies = (
			);
			name = HHTV;
			productName = HHTV;
			productReference = 1122EE2D1E0965DF00F2939E /* HHTV.app */;
			productType = "com.apple.product-type.application";
		};
/* End PBXNativeTarget section */

/* Begin PBXProject section */
		1122EE251E0965DF00F2939E /* Project object */ = {
			isa = PBXProject;
			attributes = {
				LastSwiftUpdateCheck = 0800;
				LastUpgradeCheck = 0800;
				ORGANIZATIONNAME = Hawie;
				TargetAttributes = {
					1122EE2C1E0965DF00F2939E = {
						CreatedOnToolsVersion = 8.0;
						DevelopmentTeam = 5LYSR39744;
						ProvisioningStyle = Automatic;
					};
				};
			};
			buildConfigurationList = 1122EE281E0965DF00F2939E /* Build configuration list for PBXProject "HHTV" */;
			compatibilityVersion = "Xcode 3.2";
			developmentRegion = English;
			hasScannedForEncodings = 0;
			knownRegions = (
				en,
				Base,
			);
			mainGroup = 1122EE241E0965DE00F2939E;
			productRefGroup = 1122EE2E1E0965DF00F2939E /* Products */;
			projectDirPath = "";
			projectRoot = "";
			targets = (
				1122EE2C1E0965DF00F2939E /* HHTV */,
			);
		};
/* End PBXProject section */

/* Begin PBXResourcesBuildPhase section */
		1122EE2B1E0965DF00F2939E /* Resources */ = {
			isa = PBXResourcesBuildPhase;
			buildActionMask = 2147483647;
			files = (
				1122EE3B1E0965DF00F2939E /* LaunchScreen.storyboard in Resources */,
				1122EE381E0965DF00F2939E /* Assets.xcassets in Resources */,
				1122EE361E0965DF00F2939E /* Main.storyboard in Resources */,
				11B5DF211E14E83700705754 /* Live.storyboard in Resources */,
				11B5DF1F1E14E80A00705754 /* Home.storyboard in Resources */,
				11B5DF251E14E85B00705754 /* Profile.storyboard in Resources */,
				11B5DF231E14E84A00705754 /* Follow.storyboard in Resources */,
			);
			runOnlyForDeploymentPostprocessing = 0;
		};
/* End PBXResourcesBuildPhase section */

/* Begin PBXSourcesBuildPhase section */
		1122EE291E0965DF00F2939E /* Sources */ = {
			isa = PBXSourcesBuildPhase;
			buildActionMask = 2147483647;
			files = (
				11B5DF271E14E98D00705754 /* MainTabBarController.swift in Sources */,
				1122EE311E0965DF00F2939E /* AppDelegate.swift in Sources */,
			);
			runOnlyForDeploymentPostprocessing = 0;
		};
/* End PBXSourcesBuildPhase section */

/* Begin PBXVariantGroup section */
		1122EE341E0965DF00F2939E /* Main.storyboard */ = {
			isa = PBXVariantGroup;
			children = (
				1122EE351E0965DF00F2939E /* Base */,
			);
			name = Main.storyboard;
			path = ../..;
			sourceTree = "<group>";
		};
		1122EE391E0965DF00F2939E /* LaunchScreen.storyboard */ = {
			isa = PBXVariantGroup;
			children = (
				1122EE3A1E0965DF00F2939E /* Base */,
			);
			name = LaunchScreen.storyboard;
			sourceTree = "<group>";
		};
/* End PBXVariantGroup section */

/* Begin XCBuildConfiguration section */
		1122EE3D1E0965DF00F2939E /* Debug */ = {
			isa = XCBuildConfiguration;
			buildSettings = {
				ALWAYS_SEARCH_USER_PATHS = NO;
				CLANG_ANALYZER_NONNULL = YES;
				CLANG_CXX_LANGUAGE_STANDARD = "gnu++0x";
				CLANG_CXX_LIBRARY = "libc++";
				CLANG_ENABLE_MODULES = YES;
				CLANG_ENABLE_OBJC_ARC = YES;
				CLANG_WARN_BOOL_CONVERSION = YES;
				CLANG_WARN_CONSTANT_CONVERSION = YES;
				CLANG_WARN_DIRECT_OBJC_ISA_USAGE = YES_ERROR;
				CLANG_WARN_DOCUMENTATION_COMMENTS = YES;
				CLANG_WARN_EMPTY_BODY = YES;
				CLANG_WARN_ENUM_CONVERSION = YES;
				CLANG_WARN_INFINITE_RECURSION = YES;
				CLANG_WARN_INT_CONVERSION = YES;
				CLANG_WARN_OBJC_ROOT_CLASS = YES_ERROR;
				CLANG_WARN_SUSPICIOUS_MOVES = YES;
				CLANG_WARN_UNREACHABLE_CODE = YES;
				CLANG_WARN__DUPLICATE_METHOD_MATCH = YES;
				"CODE_SIGN_IDENTITY[sdk=iphoneos*]" = "iPhone Developer";
				COPY_PHASE_STRIP = NO;
				DEBUG_INFORMATION_FORMAT = dwarf;
				ENABLE_STRICT_OBJC_MSGSEND = YES;
				ENABLE_TESTABILITY = YES;
				GCC_C_LANGUAGE_STANDARD = gnu99;
				GCC_DYNAMIC_NO_PIC = NO;
				GCC_NO_COMMON_BLOCKS = YES;
				GCC_OPTIMIZATION_LEVEL = 0;
				GCC_PREPROCESSOR_DEFINITIONS = (
					"DEBUG=1",
					"$(inherited)",
				);
				GCC_WARN_64_TO_32_BIT_CONVERSION = YES;
				GCC_WARN_ABOUT_RETURN_TYPE = YES_ERROR;
				GCC_WARN_UNDECLARED_SELECTOR = YES;
				GCC_WARN_UNINITIALIZED_AUTOS = YES_AGGRESSIVE;
				GCC_WARN_UNUSED_FUNCTION = YES;
				GCC_WARN_UNUSED_VARIABLE = YES;
				IPHONEOS_DEPLOYMENT_TARGET = 10.0;
				MTL_ENABLE_DEBUG_INFO = YES;
				ONLY_ACTIVE_ARCH = YES;
				SDKROOT = iphoneos;
				SWIFT_ACTIVE_COMPILATION_CONDITIONS = DEBUG;
				SWIFT_OPTIMIZATION_LEVEL = "-Onone";
			};
			name = Debug;
		};
		1122EE3E1E0965DF00F2939E /* Release */ = {
			isa = XCBuildConfiguration;
			buildSettings = {
				ALWAYS_SEARCH_USER_PATHS = NO;
				CLANG_ANALYZER_NONNULL = YES;
				CLANG_CXX_LANGUAGE_STANDARD = "gnu++0x";
				CLANG_CXX_LIBRARY = "libc++";
				CLANG_ENABLE_MODULES = YES;
				CLANG_ENABLE_OBJC_ARC = YES;
				CLANG_WARN_BOOL_CONVERSION = YES;
				CLANG_WARN_CONSTANT_CONVERSION = YES;
				CLANG_WARN_DIRECT_OBJC_ISA_USAGE = YES_ERROR;
				CLANG_WARN_DOCUMENTATION_COMMENTS = YES;
				CLANG_WARN_EMPTY_BODY = YES;
				CLANG_WARN_ENUM_CONVERSION = YES;
				CLANG_WARN_INFINITE_RECURSION = YES;
				CLANG_WARN_INT_CONVERSION = YES;
				CLANG_WARN_OBJC_ROOT_CLASS = YES_ERROR;
				CLANG_WARN_SUSPICIOUS_MOVES = YES;
				CLANG_WARN_UNREACHABLE_CODE = YES;
				CLANG_WARN__DUPLICATE_METHOD_MATCH = YES;
				"CODE_SIGN_IDENTITY[sdk=iphoneos*]" = "iPhone Developer";
				COPY_PHASE_STRIP = NO;
				DEBUG_INFORMATION_FORMAT = "dwarf-with-dsym";
				ENABLE_NS_ASSERTIONS = NO;
				ENABLE_STRICT_OBJC_MSGSEND = YES;
				GCC_C_LANGUAGE_STANDARD = gnu99;
				GCC_NO_COMMON_BLOCKS = YES;
				GCC_WARN_64_TO_32_BIT_CONVERSION = YES;
				GCC_WARN_ABOUT_RETURN_TYPE = YES_ERROR;
				GCC_WARN_UNDECLARED_SELECTOR = YES;
				GCC_WARN_UNINITIALIZED_AUTOS = YES_AGGRESSIVE;
				GCC_WARN_UNUSED_FUNCTION = YES;
				GCC_WARN_UNUSED_VARIABLE = YES;
				IPHONEOS_DEPLOYMENT_TARGET = 10.0;
				MTL_ENABLE_DEBUG_INFO = NO;
				SDKROOT = iphoneos;
				SWIFT_OPTIMIZATION_LEVEL = "-Owholemodule";
				VALIDATE_PRODUCT = YES;
			};
			name = Release;
		};
		1122EE401E0965DF00F2939E /* Debug */ = {
			isa = XCBuildConfiguration;
			buildSettings = {
				ASSETCATALOG_COMPILER_APPICON_NAME = AppIcon;
				ASSETCATALOG_COMPILER_LAUNCHIMAGE_NAME = LaunchImage;
				DEVELOPMENT_TEAM = 5LYSR39744;
				INFOPLIST_FILE = HHTV/Info.plist;
				IPHONEOS_DEPLOYMENT_TARGET = 9.0;
				LD_RUNPATH_SEARCH_PATHS = "$(inherited) @executable_path/Frameworks";
				PRODUCT_BUNDLE_IDENTIFIER = com.hawie.HHTV;
				PRODUCT_NAME = "$(TARGET_NAME)";
				SWIFT_VERSION = 3.0;
			};
			name = Debug;
		};
		1122EE411E0965DF00F2939E /* Release */ = {
			isa = XCBuildConfiguration;
			buildSettings = {
				ASSETCATALOG_COMPILER_APPICON_NAME = AppIcon;
				ASSETCATALOG_COMPILER_LAUNCHIMAGE_NAME = LaunchImage;
				DEVELOPMENT_TEAM = 5LYSR39744;
				INFOPLIST_FILE = HHTV/Info.plist;
				IPHONEOS_DEPLOYMENT_TARGET = 9.0;
				LD_RUNPATH_SEARCH_PATHS = "$(inherited) @executable_path/Frameworks";
				PRODUCT_BUNDLE_IDENTIFIER = com.hawie.HHTV;
				PRODUCT_NAME = "$(TARGET_NAME)";
				SWIFT_VERSION = 3.0;
			};
			name = Release;
		};
/* End XCBuildConfiguration section */

/* Begin XCConfigurationList section */
		1122EE281E0965DF00F2939E /* Build configuration list for PBXProject "HHTV" */ = {
			isa = XCConfigurationList;
			buildConfigurations = (
				1122EE3D1E0965DF00F2939E /* Debug */,
				1122EE3E1E0965DF00F2939E /* Release */,
			);
			defaultConfigurationIsVisible = 0;
			defaultConfigurationName = Release;
		};
		1122EE3F1E0965DF00F2939E /* Build configuration list for PBXNativeTarget "HHTV" */ = {
			isa = XCConfigurationList;
			buildConfigurations = (
				1122EE401E0965DF00F2939E /* Debug */,
				1122EE411E0965DF00F2939E /* Release */,
			);
			defaultConfigurationIsVisible = 0;
			defaultConfigurationName = Release;
		};
/* End XCConfigurationList section */
	};
	rootObject = 1122EE251E0965DF00F2939E /* Project object */;
}
